
Microsoft Visual Studio Solution File, Format Version 12.00
# Visual Studio Version 17
VisualStudioVersion = 17.4.33122.133
MinimumVisualStudioVersion = 10.0.40219.1
Project("{FAE04EC0-301F-11D3-BF4B-00C04F79EFBC}") = "WindowsFormsAppTestGit2", "WindowsFormsAppTestGit2\WindowsFormsAppTestGit2.csproj", "{55A0496F-37ED-41B0-8600-0288ED6C7A7D}"
EndProject
Global
	GlobalSection(SolutionConfigurationPlatforms) = preSolution
		Debug|Any CPU = Debug|Any CPU
		Release|Any CPU = Release|Any CPU
	EndGlobalSection
	GlobalSection(ProjectConfigurationPlatforms) = postSolution
		{55A0496F-37ED-41B0-8600-0288ED6C7A7D}.Debug|Any CPU.ActiveCfg = Debug|Any CPU
		{55A0496F-37ED-41B0-8600-0288ED6C7A7D}.Debug|Any CPU.Build.0 = Debug|Any CPU
		{55A0496F-37ED-41B0-8600-0288ED6C7A7D}.Release|Any CPU.ActiveCfg = Release|Any CPU
		{55A0496F-37ED-41B0-8600-0288ED6C7A7D}.Release|Any CPU.Build.0 = Release|Any CPU
	EndGlobalSection
	GlobalSection(SolutionProperties) = preSolution
		HideSolutionNode = FALSE
	EndGlobalSection
	GlobalSection(ExtensibilityGlobals) = postSolution
		SolutionGuid = {FADA1077-182F-41DF-8EF7-3793632EF68A}
	EndGlobalSection
EndGlobal
